// !$*UTF8*$!
{
	archiveVersion = 1;
	classes = {
	};
	objectVersion = 56;
	objects = {

/* Begin PBXBuildFile section */
		8408F79A2B27FFC20041548A /* NewsAppApp.swift in Sources */ = {isa = PBXBuildFile; fileRef = 8408F7992B27FFC20041548A /* NewsAppApp.swift */; };
		8408F79C2B27FFC20041548A /* MainView.swift in Sources */ = {isa = PBXBuildFile; fileRef = 8408F79B2B27FFC20041548A /* MainView.swift */; };
		8408F79E2B27FFC50041548A /* Assets.xcassets in Resources */ = {isa = PBXBuildFile; fileRef = 8408F79D2B27FFC50041548A /* Assets.xcassets */; };
		8408F7A22B27FFC50041548A /* Preview Assets.xcassets in Resources */ = {isa = PBXBuildFile; fileRef = 8408F7A12B27FFC50041548A /* Preview Assets.xcassets */; };
		8408F7AC2B2800230041548A /* NewsView.swift in Sources */ = {isa = PBXBuildFile; fileRef = 8408F7AB2B2800230041548A /* NewsView.swift */; };
		8408F7AE2B2800300041548A /* NewsDetailsView.swift in Sources */ = {isa = PBXBuildFile; fileRef = 8408F7AD2B2800300041548A /* NewsDetailsView.swift */; };
		8408F7B02B2800C70041548A /* News.swift in Sources */ = {isa = PBXBuildFile; fileRef = 8408F7AF2B2800C70041548A /* News.swift */; };
		8408F7B42B2801C00041548A /* DataService.swift in Sources */ = {isa = PBXBuildFile; fileRef = 8408F7B32B2801C00041548A /* DataService.swift */; };
		8408F7B62B2806340041548A /* NewsBlocks.swift in Sources */ = {isa = PBXBuildFile; fileRef = 8408F7B52B2806340041548A /* NewsBlocks.swift */; };
		84850E242B281CEB00BFFA3B /* ImageSheetView.swift in Sources */ = {isa = PBXBuildFile; fileRef = 84850E232B281CEB00BFFA3B /* ImageSheetView.swift */; };
		84850E262B2820DF00BFFA3B /* VideosView.swift in Sources */ = {isa = PBXBuildFile; fileRef = 84850E252B2820DF00BFFA3B /* VideosView.swift */; };
		84850E282B2820ED00BFFA3B /* FavoriteNewsView.swift in Sources */ = {isa = PBXBuildFile; fileRef = 84850E272B2820ED00BFFA3B /* FavoriteNewsView.swift */; };
/* End PBXBuildFile section */

/* Begin PBXFileReference section */
		8408F7962B27FFC20041548A /* NewsApp.app */ = {isa = PBXFileReference; explicitFileType = wrapper.application; includeInIndex = 0; path = NewsApp.app; sourceTree = BUILT_PRODUCTS_DIR; };
		8408F7992B27FFC20041548A /* NewsAppApp.swift */ = {isa = PBXFileReference; lastKnownFileType = sourcecode.swift; path = NewsAppApp.swift; sourceTree = "<group>"; };
		8408F79B2B27FFC20041548A /* MainView.swift */ = {isa = PBXFileReference; lastKnownFileType = sourcecode.swift; path = MainView.swift; sourceTree = "<group>"; };
		8408F79D2B27FFC50041548A /* Assets.xcassets */ = {isa = PBXFileReference; lastKnownFileType = folder.assetcatalog; path = Assets.xcassets; sourceTree = "<group>"; };
		8408F79F2B27FFC50041548A /* NewsApp.entitlements */ = {isa = PBXFileReference; lastKnownFileType = text.plist.entitlements; path = NewsApp.entitlements; sourceTree = "<group>"; };
		8408F7A12B27FFC50041548A /* Preview Assets.xcassets */ = {isa = PBXFileReference; lastKnownFileType = folder.assetcatalog; path = "Preview Assets.xcassets"; sourceTree = "<group>"; };
		8408F7AB2B2800230041548A /* NewsView.swift */ = {isa = PBXFileReference; lastKnownFileType = sourcecode.swift; path = NewsView.swift; sourceTree = "<group>"; };
		8408F7AD2B2800300041548A /* NewsDetailsView.swift */ = {isa = PBXFileReference; lastKnownFileType = sourcecode.swift; path = NewsDetailsView.swift; sourceTree = "<group>"; };
		8408F7AF2B2800C70041548A /* News.swift */ = {isa = PBXFileReference; lastKnownFileType = sourcecode.swift; path = News.swift; sourceTree = "<group>"; };
		8408F7B32B2801C00041548A /* DataService.swift */ = {isa = PBXFileReference; lastKnownFileType = sourcecode.swift; path = DataService.swift; sourceTree = "<group>"; };
		8408F7B52B2806340041548A /* NewsBlocks.swift */ = {isa = PBXFileReference; lastKnownFileType = sourcecode.swift; path = NewsBlocks.swift; sourceTree = "<group>"; };
		84850E232B281CEB00BFFA3B /* ImageSheetView.swift */ = {isa = PBXFileReference; lastKnownFileType = sourcecode.swift; path = ImageSheetView.swift; sourceTree = "<group>"; };
		84850E252B2820DF00BFFA3B /* VideosView.swift */ = {isa = PBXFileReference; lastKnownFileType = sourcecode.swift; path = VideosView.swift; sourceTree = "<group>"; };
		84850E272B2820ED00BFFA3B /* FavoriteNewsView.swift */ = {isa = PBXFileReference; lastKnownFileType = sourcecode.swift; path = FavoriteNewsView.swift; sourceTree = "<group>"; };
/* End PBXFileReference section */

/* Begin PBXFrameworksBuildPhase section */
		8408F7932B27FFC20041548A /* Frameworks */ = {
			isa = PBXFrameworksBuildPhase;
			buildActionMask = 2147483647;
			files = (
			);
			runOnlyForDeploymentPostprocessing = 0;
		};
/* End PBXFrameworksBuildPhase section */

/* Begin PBXGroup section */
		8408F78D2B27FFC20041548A = {
			isa = PBXGroup;
			children = (
				8408F7982B27FFC20041548A /* NewsApp */,
				8408F7972B27FFC20041548A /* Products */,
			);
			sourceTree = "<group>";
		};
		8408F7972B27FFC20041548A /* Products */ = {
			isa = PBXGroup;
			children = (
				8408F7962B27FFC20041548A /* NewsApp.app */,
			);
			name = Products;
			sourceTree = "<group>";
		};
		8408F7982B27FFC20041548A /* NewsApp */ = {
			isa = PBXGroup;
			children = (
				8408F7AA2B2800070041548A /* ViewModel */,
				8408F7A92B2800010041548A /* Model */,
				8408F7A82B27FFF40041548A /* Views */,
				8408F7992B27FFC20041548A /* NewsAppApp.swift */,
				8408F79D2B27FFC50041548A /* Assets.xcassets */,
				8408F79F2B27FFC50041548A /* NewsApp.entitlements */,
				8408F7A02B27FFC50041548A /* Preview Content */,
			);
			path = NewsApp;
			sourceTree = "<group>";
		};
		8408F7A02B27FFC50041548A /* Preview Content */ = {
			isa = PBXGroup;
			children = (
				8408F7A12B27FFC50041548A /* Preview Assets.xcassets */,
			);
			path = "Preview Content";
			sourceTree = "<group>";
		};
		8408F7A82B27FFF40041548A /* Views */ = {
			isa = PBXGroup;
			children = (
				8408F79B2B27FFC20041548A /* MainView.swift */,
				8408F7AB2B2800230041548A /* NewsView.swift */,
				8408F7B52B2806340041548A /* NewsBlocks.swift */,
				8408F7AD2B2800300041548A /* NewsDetailsView.swift */,
				84850E232B281CEB00BFFA3B /* ImageSheetView.swift */,
				84850E252B2820DF00BFFA3B /* VideosView.swift */,
				84850E272B2820ED00BFFA3B /* FavoriteNewsView.swift */,
			);
			path = Views;
			sourceTree = "<group>";
		};
		8408F7A92B2800010041548A /* Model */ = {
			isa = PBXGroup;
			children = (
				8408F7AF2B2800C70041548A /* News.swift */,
			);
			path = Model;
			sourceTree = "<group>";
		};
		8408F7AA2B2800070041548A /* ViewModel */ = {
			isa = PBXGroup;
			children = (
				8408F7B32B2801C00041548A /* DataService.swift */,
			);
			path = ViewModel;
			sourceTree = "<group>";
		};
/* End PBXGroup section */

/* Begin PBXNativeTarget section */
		8408F7952B27FFC20041548A /* NewsApp */ = {
			isa = PBXNativeTarget;
			buildConfigurationList = 8408F7A52B27FFC50041548A /* Build configuration list for PBXNativeTarget "NewsApp" */;
			buildPhases = (
				8408F7922B27FFC20041548A /* Sources */,
				8408F7932B27FFC20041548A /* Frameworks */,
				8408F7942B27FFC20041548A /* Resources */,
			);
			buildRules = (
			);
			dependencies = (
			);
			name = NewsApp;
			productName = NewsApp;
			productReference = 8408F7962B27FFC20041548A /* NewsApp.app */;
			productType = "com.apple.product-type.application";
		};
/* End PBXNativeTarget section */

/* Begin PBXProject section */
		8408F78E2B27FFC20041548A /* Project object */ = {
			isa = PBXProject;
			attributes = {
				BuildIndependentTargetsInParallel = 1;
				LastSwiftUpdateCheck = 1400;
				LastUpgradeCheck = 1400;
				TargetAttributes = {
					8408F7952B27FFC20041548A = {
						CreatedOnToolsVersion = 14.0;
					};
				};
			};
			buildConfigurationList = 8408F7912B27FFC20041548A /* Build configuration list for PBXProject "NewsApp" */;
			compatibilityVersion = "Xcode 14.0";
			developmentRegion = en;
			hasScannedForEncodings = 0;
			knownRegions = (
				en,
				Base,
			);
			mainGroup = 8408F78D2B27FFC20041548A;
			productRefGroup = 8408F7972B27FFC20041548A /* Products */;
			projectDirPath = "";
			projectRoot = "";
			targets = (
				8408F7952B27FFC20041548A /* NewsApp */,
			);
		};
/* End PBXProject section */

/* Begin PBXResourcesBuildPhase section */
		8408F7942B27FFC20041548A /* Resources */ = {
			isa = PBXResourcesBuildPhase;
			buildActionMask = 2147483647;
			files = (
				8408F7A22B27FFC50041548A /* Preview Assets.xcassets in Resources */,
				8408F79E2B27FFC50041548A /* Assets.xcassets in Resources */,
			);
			runOnlyForDeploymentPostprocessing = 0;
		};
/* End PBXResourcesBuildPhase section */

/* Begin PBXSourcesBuildPhase section */
		8408F7922B27FFC20041548A /* Sources */ = {
			isa = PBXSourcesBuildPhase;
			buildActionMask = 2147483647;
			files = (
				8408F7AC2B2800230041548A /* NewsView.swift in Sources */,
				8408F7B42B2801C00041548A /* DataService.swift in Sources */,
				84850E262B2820DF00BFFA3B /* VideosView.swift in Sources */,
				8408F79C2B27FFC20041548A /* MainView.swift in Sources */,
				8408F7AE2B2800300041548A /* NewsDetailsView.swift in Sources */,
				84850E282B2820ED00BFFA3B /* FavoriteNewsView.swift in Sources */,
				8408F7B02B2800C70041548A /* News.swift in Sources */,
				8408F7B62B2806340041548A /* NewsBlocks.swift in Sources */,
				84850E242B281CEB00BFFA3B /* ImageSheetView.swift in Sources */,
				8408F79A2B27FFC20041548A /* NewsAppApp.swift in Sources */,
			);
			runOnlyForDeploymentPostprocessing = 0;
		};
/* End PBXSourcesBuildPhase section */

/* Begin XCBuildConfiguration section */
		8408F7A32B27FFC50041548A /* Debug */ = {
			isa = XCBuildConfiguration;
			buildSettings = {
				ALWAYS_SEARCH_USER_PATHS = NO;
				CLANG_ANALYZER_NONNULL = YES;
				CLANG_ANALYZER_NUMBER_OBJECT_CONVERSION = YES_AGGRESSIVE;
				CLANG_CXX_LANGUAGE_STANDARD = "gnu++20";
				CLANG_ENABLE_MODULES = YES;
				CLANG_ENABLE_OBJC_ARC = YES;
				CLANG_ENABLE_OBJC_WEAK = YES;
				CLANG_WARN_BLOCK_CAPTURE_AUTORELEASING = YES;
				CLANG_WARN_BOOL_CONVERSION = YES;
				CLANG_WARN_COMMA = YES;
				CLANG_WARN_CONSTANT_CONVERSION = YES;
				CLANG_WARN_DEPRECATED_OBJC_IMPLEMENTATIONS = YES;
				CLANG_WARN_DIRECT_OBJC_ISA_USAGE = YES_ERROR;
				CLANG_WARN_DOCUMENTATION_COMMENTS = YES;
				CLANG_WARN_EMPTY_BODY = YES;
				CLANG_WARN_ENUM_CONVERSION = YES;
				CLANG_WARN_INFINITE_RECURSION = YES;
				CLANG_WARN_INT_CONVERSION = YES;
				CLANG_WARN_NON_LITERAL_NULL_CONVERSION = YES;
				CLANG_WARN_OBJC_IMPLICIT_RETAIN_SELF = YES;
				CLANG_WARN_OBJC_LITERAL_CONVERSION = YES;
				CLANG_WARN_OBJC_ROOT_CLASS = YES_ERROR;
				CLANG_WARN_QUOTED_INCLUDE_IN_FRAMEWORK_HEADER = YES;
				CLANG_WARN_RANGE_LOOP_ANALYSIS = YES;
				CLANG_WARN_STRICT_PROTOTYPES = YES;
				CLANG_WARN_SUSPICIOUS_MOVE = YES;
				CLANG_WARN_UNGUARDED_AVAILABILITY = YES_AGGRESSIVE;
				CLANG_WARN_UNREACHABLE_CODE = YES;
				CLANG_WARN__DUPLICATE_METHOD_MATCH = YES;
				COPY_PHASE_STRIP = NO;
				DEBUG_INFORMATION_FORMAT = dwarf;
				ENABLE_STRICT_OBJC_MSGSEND = YES;
				ENABLE_TESTABILITY = YES;
				GCC_C_LANGUAGE_STANDARD = gnu11;
				GCC_DYNAMIC_NO_PIC = NO;
				GCC_NO_COMMON_BLOCKS = YES;
				GCC_OPTIMIZATION_LEVEL = 0;
				GCC_PREPROCESSOR_DEFINITIONS = (
					"DEBUG=1",
					"$(inherited)",
				);
				GCC_WARN_64_TO_32_BIT_CONVERSION = YES;
				GCC_WARN_ABOUT_RETURN_TYPE = YES_ERROR;
				GCC_WARN_UNDECLARED_SELECTOR = YES;
				GCC_WARN_UNINITIALIZED_AUTOS = YES_AGGRESSIVE;
				GCC_WARN_UNUSED_FUNCTION = YES;
				GCC_WARN_UNUSED_VARIABLE = YES;
				MTL_ENABLE_DEBUG_INFO = INCLUDE_SOURCE;
				MTL_FAST_MATH = YES;
				ONLY_ACTIVE_ARCH = YES;
				SWIFT_ACTIVE_COMPILATION_CONDITIONS = DEBUG;
				SWIFT_OPTIMIZATION_LEVEL = "-Onone";
			};
			name = Debug;
		};
		8408F7A42B27FFC50041548A /* Release */ = {
			isa = XCBuildConfiguration;
			buildSettings = {
				ALWAYS_SEARCH_USER_PATHS = NO;
				CLANG_ANALYZER_NONNULL = YES;
				CLANG_ANALYZER_NUMBER_OBJECT_CONVERSION = YES_AGGRESSIVE;
				CLANG_CXX_LANGUAGE_STANDARD = "gnu++20";
				CLANG_ENABLE_MODULES = YES;
				CLANG_ENABLE_OBJC_ARC = YES;
				CLANG_ENABLE_OBJC_WEAK = YES;
				CLANG_WARN_BLOCK_CAPTURE_AUTORELEASING = YES;
				CLANG_WARN_BOOL_CONVERSION = YES;
				CLANG_WARN_COMMA = YES;
				CLANG_WARN_CONSTANT_CONVERSION = YES;
				CLANG_WARN_DEPRECATED_OBJC_IMPLEMENTATIONS = YES;
				CLANG_WARN_DIRECT_OBJC_ISA_USAGE = YES_ERROR;
				CLANG_WARN_DOCUMENTATION_COMMENTS = YES;
				CLANG_WARN_EMPTY_BODY = YES;
				CLANG_WARN_ENUM_CONVERSION = YES;
				CLANG_WARN_INFINITE_RECURSION = YES;
				CLANG_WARN_INT_CONVERSION = YES;
				CLANG_WARN_NON_LITERAL_NULL_CONVERSION = YES;
				CLANG_WARN_OBJC_IMPLICIT_RETAIN_SELF = YES;
				CLANG_WARN_OBJC_LITERAL_CONVERSION = YES;
				CLANG_WARN_OBJC_ROOT_CLASS = YES_ERROR;
				CLANG_WARN_QUOTED_INCLUDE_IN_FRAMEWORK_HEADER = YES;
				CLANG_WARN_RANGE_LOOP_ANALYSIS = YES;
				CLANG_WARN_STRICT_PROTOTYPES = YES;
				CLANG_WARN_SUSPICIOUS_MOVE = YES;
				CLANG_WARN_UNGUARDED_AVAILABILITY = YES_AGGRESSIVE;
				CLANG_WARN_UNREACHABLE_CODE = YES;
				CLANG_WARN__DUPLICATE_METHOD_MATCH = YES;
				COPY_PHASE_STRIP = NO;
				DEBUG_INFORMATION_FORMAT = "dwarf-with-dsym";
				ENABLE_NS_ASSERTIONS = NO;
				ENABLE_STRICT_OBJC_MSGSEND = YES;
				GCC_C_LANGUAGE_STANDARD = gnu11;
				GCC_NO_COMMON_BLOCKS = YES;
				GCC_WARN_64_TO_32_BIT_CONVERSION = YES;
				GCC_WARN_ABOUT_RETURN_TYPE = YES_ERROR;
				GCC_WARN_UNDECLARED_SELECTOR = YES;
				GCC_WARN_UNINITIALIZED_AUTOS = YES_AGGRESSIVE;
				GCC_WARN_UNUSED_FUNCTION = YES;
				GCC_WARN_UNUSED_VARIABLE = YES;
				MTL_ENABLE_DEBUG_INFO = NO;
				MTL_FAST_MATH = YES;
				SWIFT_COMPILATION_MODE = wholemodule;
				SWIFT_OPTIMIZATION_LEVEL = "-O";
			};
			name = Release;
		};
		8408F7A62B27FFC50041548A /* Debug */ = {
			isa = XCBuildConfiguration;
			buildSettings = {
				ASSETCATALOG_COMPILER_APPICON_NAME = AppIcon;
				ASSETCATALOG_COMPILER_GLOBAL_ACCENT_COLOR_NAME = AccentColor;
				CODE_SIGN_ENTITLEMENTS = NewsApp/NewsApp.entitlements;
				CODE_SIGN_STYLE = Automatic;
				CURRENT_PROJECT_VERSION = 1;
				DEVELOPMENT_ASSET_PATHS = "\"NewsApp/Preview Content\"";
				DEVELOPMENT_TEAM = G3CQ4T9TU2;
				ENABLE_HARDENED_RUNTIME = YES;
				ENABLE_PREVIEWS = YES;
				GENERATE_INFOPLIST_FILE = YES;
				"INFOPLIST_KEY_UIApplicationSceneManifest_Generation[sdk=iphoneos*]" = YES;
				"INFOPLIST_KEY_UIApplicationSceneManifest_Generation[sdk=iphonesimulator*]" = YES;
				"INFOPLIST_KEY_UIApplicationSupportsIndirectInputEvents[sdk=iphoneos*]" = YES;
				"INFOPLIST_KEY_UIApplicationSupportsIndirectInputEvents[sdk=iphonesimulator*]" = YES;
				"INFOPLIST_KEY_UILaunchScreen_Generation[sdk=iphoneos*]" = YES;
				"INFOPLIST_KEY_UILaunchScreen_Generation[sdk=iphonesimulator*]" = YES;
				"INFOPLIST_KEY_UIStatusBarStyle[sdk=iphoneos*]" = UIStatusBarStyleDefault;
				"INFOPLIST_KEY_UIStatusBarStyle[sdk=iphonesimulator*]" = UIStatusBarStyleDefault;
				INFOPLIST_KEY_UISupportedInterfaceOrientations_iPad = "UIInterfaceOrientationPortrait UIInterfaceOrientationPortraitUpsideDown UIInterfaceOrientationLandscapeLeft UIInterfaceOrientationLandscapeRight";
				INFOPLIST_KEY_UISupportedInterfaceOrientations_iPhone = "UIInterfaceOrientationPortrait UIInterfaceOrientationLandscapeLeft UIInterfaceOrientationLandscapeRight";
				IPHONEOS_DEPLOYMENT_TARGET = 16.0;
				LD_RUNPATH_SEARCH_PATHS = "@executable_path/Frameworks";
				"LD_RUNPATH_SEARCH_PATHS[sdk=macosx*]" = "@executable_path/../Frameworks";
				MACOSX_DEPLOYMENT_TARGET = 12.3;
				MARKETING_VERSION = 1.0;
				PRODUCT_BUNDLE_IDENTIFIER = com.sarisanalperen.NewsApp;
				PRODUCT_NAME = "$(TARGET_NAME)";
				SDKROOT = auto;
				SUPPORTED_PLATFORMS = "iphoneos iphonesimulator macosx";
				SWIFT_EMIT_LOC_STRINGS = YES;
				SWIFT_VERSION = 5.0;
				TARGETED_DEVICE_FAMILY = "1,2";
			};
			name = Debug;
		};
		8408F7A72B27FFC50041548A /* Release */ = {
			isa = XCBuildConfiguration;
			buildSettings = {
				ASSETCATALOG_COMPILER_APPICON_NAME = AppIcon;
				ASSETCATALOG_COMPILER_GLOBAL_ACCENT_COLOR_NAME = AccentColor;
				CODE_SIGN_ENTITLEMENTS = NewsApp/NewsApp.entitlements;
				CODE_SIGN_STYLE = Automatic;
				CURRENT_PROJECT_VERSION = 1;
				DEVELOPMENT_ASSET_PATHS = "\"NewsApp/Preview Content\"";
				DEVELOPMENT_TEAM = G3CQ4T9TU2;
				ENABLE_HARDENED_RUNTIME = YES;
				ENABLE_PREVIEWS = YES;
				GENERATE_INFOPLIST_FILE = YES;
				"INFOPLIST_KEY_UIApplicationSceneManifest_Generation[sdk=iphoneos*]" = YES;
				"INFOPLIST_KEY_UIApplicationSceneManifest_Generation[sdk=iphonesimulator*]" = YES;
				"INFOPLIST_KEY_UIApplicationSupportsIndirectInputEvents[sdk=iphoneos*]" = YES;
				"INFOPLIST_KEY_UIApplicationSupportsIndirectInputEvents[sdk=iphonesimulator*]" = YES;
				"INFOPLIST_KEY_UILaunchScreen_Generation[sdk=iphoneos*]" = YES;
				"INFOPLIST_KEY_UILaunchScreen_Generation[sdk=iphonesimulator*]" = YES;
				"INFOPLIST_KEY_UIStatusBarStyle[sdk=iphoneos*]" = UIStatusBarStyleDefault;
				"INFOPLIST_KEY_UIStatusBarStyle[sdk=iphonesimulator*]" = UIStatusBarStyleDefault;
				INFOPLIST_KEY_UISupportedInterfaceOrientations_iPad = "UIInterfaceOrientationPortrait UIInterfaceOrientationPortraitUpsideDown UIInterfaceOrientationLandscapeLeft UIInterfaceOrientationLandscapeRight";
				INFOPLIST_KEY_UISupportedInterfaceOrientations_iPhone = "UIInterfaceOrientationPortrait UIInterfaceOrientationLandscapeLeft UIInterfaceOrientationLandscapeRight";
				IPHONEOS_DEPLOYMENT_TARGET = 16.0;
				LD_RUNPATH_SEARCH_PATHS = "@executable_path/Frameworks";
				"LD_RUNPATH_SEARCH_PATHS[sdk=macosx*]" = "@executable_path/../Frameworks";
				MACOSX_DEPLOYMENT_TARGET = 12.3;
				MARKETING_VERSION = 1.0;
				PRODUCT_BUNDLE_IDENTIFIER = com.sarisanalperen.NewsApp;
				PRODUCT_NAME = "$(TARGET_NAME)";
				SDKROOT = auto;
				SUPPORTED_PLATFORMS = "iphoneos iphonesimulator macosx";
				SWIFT_EMIT_LOC_STRINGS = YES;
				SWIFT_VERSION = 5.0;
				TARGETED_DEVICE_FAMILY = "1,2";
			};
			name = Release;
		};
/* End XCBuildConfiguration section */

/* Begin XCConfigurationList section */
		8408F7912B27FFC20041548A /* Build configuration list for PBXProject "NewsApp" */ = {
			isa = XCConfigurationList;
			buildConfigurations = (
				8408F7A32B27FFC50041548A /* Debug */,
				8408F7A42B27FFC50041548A /* Release */,
			);
			defaultConfigurationIsVisible = 0;
			defaultConfigurationName = Release;
		};
		8408F7A52B27FFC50041548A /* Build configuration list for PBXNativeTarget "NewsApp" */ = {
			isa = XCConfigurationList;
			buildConfigurations = (
				8408F7A62B27FFC50041548A /* Debug */,
				8408F7A72B27FFC50041548A /* Release */,
			);
			defaultConfigurationIsVisible = 0;
			defaultConfigurationName = Release;
		};
/* End XCConfigurationList section */
	};
	rootObject = 8408F78E2B27FFC20041548A /* Project object */;
}
